
Microsoft Visual Studio Solution File, Format Version 12.00
# Visual Studio Version 17
VisualStudioVersion = 17.7.34031.279
MinimumVisualStudioVersion = 10.0.40219.1
Project("{9A19103F-16F7-4668-BE54-9A1E7A4F7556}") = "ConsolaPingPong", "ConsolaPingPong\ConsolaPingPong.csproj", "{56CEDFFE-9F5C-4D8B-8C6F-016FD2595D08}"
EndProject
Project("{FAE04EC0-301F-11D3-BF4B-00C04F79EFBC}") = "PinPong.Core", "PinPong.Core\PinPong.Core.csproj", "{97190F8D-F4DB-4533-91BC-4E310745FC16}"
EndProject
Global
	GlobalSection(SolutionConfigurationPlatforms) = preSolution
		Debug|Any CPU = Debug|Any CPU
		Release|Any CPU = Release|Any CPU
	EndGlobalSection
	GlobalSection(ProjectConfigurationPlatforms) = postSolution
		{56CEDFFE-9F5C-4D8B-8C6F-016FD2595D08}.Debug|Any CPU.ActiveCfg = Debug|Any CPU
		{56CEDFFE-9F5C-4D8B-8C6F-016FD2595D08}.Debug|Any CPU.Build.0 = Debug|Any CPU
		{56CEDFFE-9F5C-4D8B-8C6F-016FD2595D08}.Release|Any CPU.ActiveCfg = Release|Any CPU
		{56CEDFFE-9F5C-4D8B-8C6F-016FD2595D08}.Release|Any CPU.Build.0 = Release|Any CPU
		{97190F8D-F4DB-4533-91BC-4E310745FC16}.Debug|Any CPU.ActiveCfg = Debug|Any CPU
		{97190F8D-F4DB-4533-91BC-4E310745FC16}.Debug|Any CPU.Build.0 = Debug|Any CPU
		{97190F8D-F4DB-4533-91BC-4E310745FC16}.Release|Any CPU.ActiveCfg = Release|Any CPU
		{97190F8D-F4DB-4533-91BC-4E310745FC16}.Release|Any CPU.Build.0 = Release|Any CPU
	EndGlobalSection
	GlobalSection(SolutionProperties) = preSolution
		HideSolutionNode = FALSE
	EndGlobalSection
	GlobalSection(ExtensibilityGlobals) = postSolution
		SolutionGuid = {1E719BE4-DEDD-4034-A233-A66ECB0811A6}
	EndGlobalSection
EndGlobal
